
Microsoft Visual Studio Solution File, Format Version 12.00
# Visual Studio Version 17
VisualStudioVersion = 17.6.33801.468
MinimumVisualStudioVersion = 10.0.40219.1
Project("{FAE04EC0-301F-11D3-BF4B-00C04F79EFBC}") = "CADShark.Common.Solidworks", "CADShark.Common.Solidworks.csproj", "{740587D6-AEA4-4385-92F1-A92AB6F62148}"
EndProject
Global
	GlobalSection(SolutionConfigurationPlatforms) = preSolution
		Debug|Any CPU = Debug|Any CPU
		Release|Any CPU = Release|Any CPU
	EndGlobalSection
	GlobalSection(ProjectConfigurationPlatforms) = postSolution
		{740587D6-AEA4-4385-92F1-A92AB6F62148}.Debug|Any CPU.ActiveCfg = Debug|Any CPU
		{740587D6-AEA4-4385-92F1-A92AB6F62148}.Debug|Any CPU.Build.0 = Debug|Any CPU
		{740587D6-AEA4-4385-92F1-A92AB6F62148}.Release|Any CPU.ActiveCfg = Release|Any CPU
		{740587D6-AEA4-4385-92F1-A92AB6F62148}.Release|Any CPU.Build.0 = Release|Any CPU
	EndGlobalSection
	GlobalSection(SolutionProperties) = preSolution
		HideSolutionNode = FALSE
	EndGlobalSection
	GlobalSection(ExtensibilityGlobals) = postSolution
		SolutionGuid = {65ACFDF3-9F93-463E-8A5A-9B7305DF7BDA}
	EndGlobalSection
EndGlobal
